{
  "version": 4,
  "terraform_version": "1.12.2",
  "serial": 98,
  "lineage": "c807fc26-c5a4-4cc3-f98c-3993a20f43c2",
  "outputs": {
    "deployment_commands": {
      "value": {
        "build_image": "docker build -f Dockerfile.production -t gcr.io/cypheron-api/cypheron-api .",
        "deploy_rules": "firebase deploy --only firestore:rules --project cypheron-api",
        "push_image": "docker push gcr.io/cypheron-api/cypheron-api",
        "view_logs": "gcloud logs read 'resource.type=cloud_run_revision AND resource.labels.service_name=cypheron-api' --project cypheron-api --limit 50"
      },
      "type": [
        "object",
        {
          "build_image": "string",
          "deploy_rules": "string",
          "push_image": "string",
          "view_logs": "string"
        }
      ]
    },
    "firestore_database": {
      "value": "(default)",
      "type": "string"
    },
    "project_id": {
      "value": "cypheron-api",
      "type": "string"
    },
    "region": {
      "value": "us-central1",
      "type": "string"
    },
    "secrets_created": {
      "value": [
        "pq-master-admin-key",
        "pq-encryption-password"
      ],
      "type": [
        "tuple",
        [
          "string",
          "string"
        ]
      ]
    },
    "security_status": {
      "value": {
        "deletion_protection": "✅ Deletion protection enabled",
        "firestore_rules_applied": "✅ Firestore security rules deployed",
        "minimal_iam_permissions": "✅ Least privilege IAM",
        "no_public_access": "✅ No public internet access",
        "secrets_in_secret_manager": "✅ Secrets stored in Secret Manager",
        "vpc_isolated": "✅ VPC isolation enabled"
      },
      "type": [
        "object",
        {
          "deletion_protection": "string",
          "firestore_rules_applied": "string",
          "minimal_iam_permissions": "string",
          "no_public_access": "string",
          "secrets_in_secret_manager": "string",
          "vpc_isolated": "string"
        }
      ]
    },
    "service_account_email": {
      "value": "firestore-accessor@cypheron-api.iam.gserviceaccount.com",
      "type": "string"
    },
    "service_url": {
      "value": "https://cypheron-api-pgaxs3j5nq-uc.a.run.app",
      "type": "string",
      "sensitive": true
    },
    "vpc_network": {
      "value": "cypheron-vpc",
      "type": "string"
    }
  },
  "resources": [
    {
      "mode": "managed",
      "type": "google_cloud_run_service",
      "name": "cypheron_api",
      "provider": "provider[\"registry.terraform.io/hashicorp/google\"]",
      "instances": [
        {
          "schema_version": 2,
          "attributes": {
            "autogenerate_revision_name": false,
            "id": "locations/us-central1/namespaces/cypheron-api/services/cypheron-api",
            "location": "us-central1",
            "metadata": [
              {
                "annotations": {},
                "effective_annotations": {
                  "run.googleapis.com/client-name": "gcloud",
                  "run.googleapis.com/client-version": "531.0.0",
                  "run.googleapis.com/ingress": "all",
                  "run.googleapis.com/ingress-status": "all",
                  "run.googleapis.com/operation-id": "55307510-d4ee-4c9e-bc8b-3f141c6ab02a",
                  "run.googleapis.com/urls": "[\"https://cypheron-api-1015974374014.us-central1.run.app\",\"https://cypheron-api-pgaxs3j5nq-uc.a.run.app\"]",
                  "serving.knative.dev/creator": "1015974374014-compute@developer.gserviceaccount.com",
                  "serving.knative.dev/lastModifier": "michael.luna37@gmail.com"
                },
                "effective_labels": {
                  "cloud.googleapis.com/location": "us-central1"
                },
                "generation": 34,
                "labels": {},
                "namespace": "cypheron-api",
                "resource_version": "AAY7q7eUFDY",
                "self_link": "/apis/serving.knative.dev/v1/namespaces/1015974374014/services/cypheron-api",
                "terraform_labels": {},
                "uid": "773840f4-0c52-4a20-9882-00d661f6b4f4"
              }
            ],
            "name": "cypheron-api",
            "project": "cypheron-api",
            "status": [
              {
                "conditions": [
                  {
                    "message": "Revision 'cypheron-api-00031-7gd' is not ready and cannot serve traffic. spec.template.spec.containers[0].env[1].value_from.secret_key_ref.name: Failed to access secret projects/1015974374014/secrets/pq-encryption-password/versions/latest: Secret Version [projects/1015974374014/secrets/pq-encryption-password/versions/2] is in DESTROYED state.\nspec.template.spec.containers[0].env[3].value_from.secret_key_ref.name: Failed to access secret projects/1015974374014/secrets/pq-master-admin-key/versions/latest: Secret Version [projects/1015974374014/secrets/pq-master-admin-key/versions/2] is in DESTROYED state.",
                    "reason": "SecretsAccessCheckFailed",
                    "status": "False",
                    "type": "Ready"
                  },
                  {
                    "message": "",
                    "reason": "",
                    "status": "True",
                    "type": "ConfigurationsReady"
                  },
                  {
                    "message": "Revision 'cypheron-api-00031-7gd' is not ready and cannot serve traffic. spec.template.spec.containers[0].env[1].value_from.secret_key_ref.name: Failed to access secret projects/1015974374014/secrets/pq-encryption-password/versions/latest: Secret Version [projects/1015974374014/secrets/pq-encryption-password/versions/2] is in DESTROYED state.\nspec.template.spec.containers[0].env[3].value_from.secret_key_ref.name: Failed to access secret projects/1015974374014/secrets/pq-master-admin-key/versions/latest: Secret Version [projects/1015974374014/secrets/pq-master-admin-key/versions/2] is in DESTROYED state.",
                    "reason": "SecretsAccessCheckFailed",
                    "status": "False",
                    "type": "RoutesReady"
                  }
                ],
                "latest_created_revision_name": "cypheron-api-00031-7gd",
                "latest_ready_revision_name": "cypheron-api-00030-ljr",
                "observed_generation": 34,
                "traffic": [
                  {
                    "latest_revision": true,
                    "percent": 100,
                    "revision_name": "cypheron-api-00030-ljr",
                    "tag": "",
                    "url": ""
                  }
                ],
                "url": "https://cypheron-api-pgaxs3j5nq-uc.a.run.app"
              }
            ],
            "template": [
              {
                "metadata": [
                  {
                    "annotations": {
                      "autoscaling.knative.dev/maxScale": "10",
                      "autoscaling.knative.dev/minScale": "1",
                      "run.googleapis.com/cpu-throttling": "false",
                      "run.googleapis.com/execution-environment": "gen2",
                      "run.googleapis.com/vpc-access-connector": "cypheron-connector",
                      "run.googleapis.com/vpc-access-egress": "private-ranges-only"
                    },
                    "generation": 0,
                    "labels": {
                      "run.googleapis.com/startupProbeType": "Default"
                    },
                    "name": "",
                    "namespace": "",
                    "resource_version": "",
                    "self_link": "",
                    "uid": ""
                  }
                ],
                "spec": [
                  {
                    "container_concurrency": 50,
                    "containers": [
                      {
                        "args": [],
                        "command": [],
                        "env": [
                          {
                            "name": "FIRESTORE_COLLECTION",
                            "value": "api_keys",
                            "value_from": []
                          },
                          {
                            "name": "FIRESTORE_PROJECT_ID",
                            "value": "cypheron-api",
                            "value_from": []
                          },
                          {
                            "name": "PQ_ENCRYPTION_PASSWORD",
                            "value": "",
                            "value_from": [
                              {
                                "secret_key_ref": [
                                  {
                                    "key": "latest",
                                    "name": "pq-encryption-password"
                                  }
                                ]
                              }
                            ]
                          },
                          {
                            "name": "PQ_MASTER_ADMIN_KEY",
                            "value": "",
                            "value_from": [
                              {
                                "secret_key_ref": [
                                  {
                                    "key": "latest",
                                    "name": "pq-master-admin-key"
                                  }
                                ]
                              }
                            ]
                          }
                        ],
                        "env_from": [],
                        "image": "gcr.io/cypheron-api/cypheron-api",
                        "liveness_probe": [],
                        "name": "cypheron-api-1",
                        "ports": [
                          {
                            "container_port": 8080,
                            "name": "http1",
                            "protocol": ""
                          }
                        ],
                        "resources": [
                          {
                            "limits": {
                              "cpu": "1000m",
                              "memory": "1Gi"
                            },
                            "requests": {}
                          }
                        ],
                        "startup_probe": [
                          {
                            "failure_threshold": 1,
                            "grpc": [],
                            "http_get": [],
                            "initial_delay_seconds": 0,
                            "period_seconds": 240,
                            "tcp_socket": [
                              {
                                "port": 8080
                              }
                            ],
                            "timeout_seconds": 240
                          }
                        ],
                        "volume_mounts": [],
                        "working_dir": ""
                      }
                    ],
                    "service_account_name": "firestore-accessor@cypheron-api.iam.gserviceaccount.com",
                    "serving_state": "",
                    "timeout_seconds": 60,
                    "volumes": []
                  }
                ]
              }
            ],
            "timeouts": null,
            "traffic": [
              {
                "latest_revision": true,
                "percent": 100,
                "revision_name": "",
                "tag": "",
                "url": ""
              }
            ]
          },
          "sensitive_attributes": [],
          "identity_schema_version": 0,
          "private": "eyJlMmJmYjczMC1lY2FhLTExZTYtOGY4OC0zNDM2M2JjN2M0YzAiOnsiY3JlYXRlIjoxMjAwMDAwMDAwMDAwLCJkZWxldGUiOjEyMDAwMDAwMDAwMDAsInVwZGF0ZSI6MTIwMDAwMDAwMDAwMH0sInNjaGVtYV92ZXJzaW9uIjoiMiJ9",
          "dependencies": [
            "google_compute_global_address.postgres_private_ip",
            "google_compute_network.vpc",
            "google_project_iam_custom_role.firestore_limited",
            "google_project_iam_member.firestore_limited",
            "google_project_service.apis",
            "google_secret_manager_secret.admin_key",
            "google_secret_manager_secret.encryption_password",
            "google_secret_manager_secret.encryption_salt",
            "google_secret_manager_secret.postgres_password",
            "google_service_account.firestore_accessor",
            "google_service_networking_connection.postgres_private_vpc",
            "google_sql_database_instance.cypheron_postgres",
            "google_vpc_access_connector.connector"
          ]
        }
      ]
    },
    {
      "mode": "managed",
      "type": "google_compute_firewall",
      "name": "allow_internal",
      "provider": "provider[\"registry.terraform.io/hashicorp/google\"]",
      "instances": [
        {
          "schema_version": 1,
          "attributes": {
            "allow": [
              {
                "ports": [
                  "8080"
                ],
                "protocol": "tcp"
              }
            ],
            "creation_timestamp": "2025-08-04T21:03:54.601-07:00",
            "deny": [],
            "description": "",
            "destination_ranges": [],
            "direction": "INGRESS",
            "disabled": false,
            "enable_logging": null,
            "id": "projects/cypheron-api/global/firewalls/cypheron-allow-internal",
            "log_config": [],
            "name": "cypheron-allow-internal",
            "network": "https://www.googleapis.com/compute/v1/projects/cypheron-api/global/networks/cypheron-vpc",
            "priority": 500,
            "project": "cypheron-api",
            "self_link": "https://www.googleapis.com/compute/v1/projects/cypheron-api/global/firewalls/cypheron-allow-internal",
            "source_ranges": [
              "10.0.0.0/8"
            ],
            "source_service_accounts": [],
            "source_tags": [],
            "target_service_accounts": [],
            "target_tags": [],
            "timeouts": null
          },
          "sensitive_attributes": [],
          "identity_schema_version": 0,
          "private": "eyJlMmJmYjczMC1lY2FhLTExZTYtOGY4OC0zNDM2M2JjN2M0YzAiOnsiY3JlYXRlIjoxMjAwMDAwMDAwMDAwLCJkZWxldGUiOjEyMDAwMDAwMDAwMDAsInVwZGF0ZSI6MTIwMDAwMDAwMDAwMH0sInNjaGVtYV92ZXJzaW9uIjoiMSJ9",
          "dependencies": [
            "google_compute_network.vpc"
          ]
        }
      ]
    },
    {
      "mode": "managed",
      "type": "google_compute_firewall",
      "name": "deny_all_ingress",
      "provider": "provider[\"registry.terraform.io/hashicorp/google\"]",
      "instances": [
        {
          "schema_version": 1,
          "attributes": {
            "allow": [],
            "creation_timestamp": "2025-08-04T21:03:54.701-07:00",
            "deny": [
              {
                "ports": [],
                "protocol": "all"
              }
            ],
            "description": "",
            "destination_ranges": [],
            "direction": "INGRESS",
            "disabled": false,
            "enable_logging": null,
            "id": "projects/cypheron-api/global/firewalls/cypheron-deny-all-ingress",
            "log_config": [],
            "name": "cypheron-deny-all-ingress",
            "network": "https://www.googleapis.com/compute/v1/projects/cypheron-api/global/networks/cypheron-vpc",
            "priority": 1000,
            "project": "cypheron-api",
            "self_link": "https://www.googleapis.com/compute/v1/projects/cypheron-api/global/firewalls/cypheron-deny-all-ingress",
            "source_ranges": [
              "0.0.0.0/0"
            ],
            "source_service_accounts": [],
            "source_tags": [],
            "target_service_accounts": [],
            "target_tags": [],
            "timeouts": null
          },
          "sensitive_attributes": [],
          "identity_schema_version": 0,
          "private": "eyJlMmJmYjczMC1lY2FhLTExZTYtOGY4OC0zNDM2M2JjN2M0YzAiOnsiY3JlYXRlIjoxMjAwMDAwMDAwMDAwLCJkZWxldGUiOjEyMDAwMDAwMDAwMDAsInVwZGF0ZSI6MTIwMDAwMDAwMDAwMH0sInNjaGVtYV92ZXJzaW9uIjoiMSJ9",
          "dependencies": [
            "google_compute_network.vpc"
          ]
        }
      ]
    },
    {
      "mode": "managed",
      "type": "google_compute_global_address",
      "name": "postgres_private_ip",
      "provider": "provider[\"registry.terraform.io/hashicorp/google\"]",
      "instances": [
        {
          "schema_version": 0,
          "attributes": {
            "address": "10.60.0.0",
            "address_type": "INTERNAL",
            "creation_timestamp": "2025-08-07T14:28:39.872-07:00",
            "description": "",
            "effective_labels": {},
            "id": "projects/cypheron-api/global/addresses/cypheron-postgres-ip",
            "ip_version": "",
            "label_fingerprint": "42WmSpB8rSM=",
            "labels": {},
            "name": "cypheron-postgres-ip",
            "network": "https://www.googleapis.com/compute/v1/projects/cypheron-api/global/networks/cypheron-vpc",
            "prefix_length": 16,
            "project": "cypheron-api",
            "purpose": "VPC_PEERING",
            "self_link": "https://www.googleapis.com/compute/v1/projects/cypheron-api/global/addresses/cypheron-postgres-ip",
            "terraform_labels": {},
            "timeouts": null
          },
          "sensitive_attributes": [],
          "identity_schema_version": 0,
          "private": "eyJlMmJmYjczMC1lY2FhLTExZTYtOGY4OC0zNDM2M2JjN2M0YzAiOnsiY3JlYXRlIjoxMjAwMDAwMDAwMDAwLCJkZWxldGUiOjEyMDAwMDAwMDAwMDAsInVwZGF0ZSI6MTIwMDAwMDAwMDAwMH19",
          "dependencies": [
            "google_compute_network.vpc"
          ]
        }
      ]
    },
    {
      "mode": "managed",
      "type": "google_compute_network",
      "name": "vpc",
      "provider": "provider[\"registry.terraform.io/hashicorp/google\"]",
      "instances": [
        {
          "schema_version": 0,
          "attributes": {
            "auto_create_subnetworks": false,
            "delete_default_routes_on_create": false,
            "description": "",
            "enable_ula_internal_ipv6": false,
            "gateway_ipv4": "",
            "id": "projects/cypheron-api/global/networks/cypheron-vpc",
            "internal_ipv6_range": "",
            "mtu": 0,
            "name": "cypheron-vpc",
            "network_firewall_policy_enforcement_order": "AFTER_CLASSIC_FIREWALL",
            "numeric_id": "1259211395505601659",
            "project": "cypheron-api",
            "routing_mode": "REGIONAL",
            "self_link": "https://www.googleapis.com/compute/v1/projects/cypheron-api/global/networks/cypheron-vpc",
            "timeouts": null
          },
          "sensitive_attributes": [],
          "identity_schema_version": 0,
          "private": "eyJlMmJmYjczMC1lY2FhLTExZTYtOGY4OC0zNDM2M2JjN2M0YzAiOnsiY3JlYXRlIjoxMjAwMDAwMDAwMDAwLCJkZWxldGUiOjEyMDAwMDAwMDAwMDAsInVwZGF0ZSI6MTIwMDAwMDAwMDAwMH0sInNjaGVtYV92ZXJzaW9uIjoiMCJ9"
        }
      ]
    },
    {
      "mode": "managed",
      "type": "google_compute_subnetwork",
      "name": "subnet",
      "provider": "provider[\"registry.terraform.io/hashicorp/google\"]",
      "instances": [
        {
          "schema_version": 0,
          "attributes": {
            "creation_timestamp": "2025-08-04T21:03:55.599-07:00",
            "description": "",
            "external_ipv6_prefix": "",
            "fingerprint": null,
            "gateway_address": "10.0.0.1",
            "id": "projects/cypheron-api/regions/us-central1/subnetworks/cypheron-subnet",
            "internal_ipv6_prefix": "",
            "ip_cidr_range": "10.0.0.0/24",
            "ipv6_access_type": "",
            "ipv6_cidr_range": "",
            "log_config": [],
            "name": "cypheron-subnet",
            "network": "https://www.googleapis.com/compute/v1/projects/cypheron-api/global/networks/cypheron-vpc",
            "private_ip_google_access": false,
            "private_ipv6_google_access": "DISABLE_GOOGLE_ACCESS",
            "project": "cypheron-api",
            "purpose": "PRIVATE",
            "region": "us-central1",
            "role": "",
            "secondary_ip_range": [],
            "self_link": "https://www.googleapis.com/compute/v1/projects/cypheron-api/regions/us-central1/subnetworks/cypheron-subnet",
            "send_secondary_ip_range_if_empty": null,
            "stack_type": "IPV4_ONLY",
            "timeouts": null
          },
          "sensitive_attributes": [],
          "identity_schema_version": 0,
          "private": "eyJlMmJmYjczMC1lY2FhLTExZTYtOGY4OC0zNDM2M2JjN2M0YzAiOnsiY3JlYXRlIjoxMjAwMDAwMDAwMDAwLCJkZWxldGUiOjEyMDAwMDAwMDAwMDAsInVwZGF0ZSI6MTIwMDAwMDAwMDAwMH0sInNjaGVtYV92ZXJzaW9uIjoiMCJ9",
          "dependencies": [
            "google_compute_network.vpc"
          ]
        }
      ]
    },
    {
      "mode": "managed",
      "type": "google_firebaserules_release",
      "name": "firestore_release",
      "provider": "provider[\"registry.terraform.io/hashicorp/google-beta\"]",
      "instances": [
        {
          "schema_version": 0,
          "attributes": {
            "create_time": "2025-08-07T22:03:15.173267Z",
            "disabled": false,
            "id": "projects/cypheron-api/releases/cloud.firestore",
            "name": "cloud.firestore",
            "project": "cypheron-api",
            "ruleset_name": "6d02fb7d-e685-4666-8981-c1c8befba2e4",
            "timeouts": null,
            "update_time": "2025-08-07T22:03:15.173267Z"
          },
          "sensitive_attributes": [],
          "identity_schema_version": 0,
          "private": "eyJlMmJmYjczMC1lY2FhLTExZTYtOGY4OC0zNDM2M2JjN2M0YzAiOnsiY3JlYXRlIjoxMjAwMDAwMDAwMDAwLCJkZWxldGUiOjEyMDAwMDAwMDAwMDB9fQ==",
          "dependencies": [
            "google_firebaserules_ruleset.security_rules",
            "google_firestore_database.default",
            "google_project_service.apis"
          ]
        }
      ]
    },
    {
      "mode": "managed",
      "type": "google_firebaserules_ruleset",
      "name": "security_rules",
      "provider": "provider[\"registry.terraform.io/hashicorp/google-beta\"]",
      "instances": [
        {
          "schema_version": 0,
          "attributes": {
            "create_time": "2025-08-07T22:02:03.819631Z",
            "id": "projects/cypheron-api/rulesets/6d02fb7d-e685-4666-8981-c1c8befba2e4",
            "metadata": [
              {
                "services": [
                  "cloud.firestore"
                ]
              }
            ],
            "name": "6d02fb7d-e685-4666-8981-c1c8befba2e4",
            "project": "cypheron-api",
            "source": [
              {
                "files": [
                  {
                    "content": "rules_version = '2';\n\nservice cloud.firestore {\n  match /databases/{database}/documents {\n    // Default deny all access\n    match /{document=**} {\n      allow read, write: if false;\n    }\n    \n    // API Keys collection - IAM-based authentication\n    match /api_keys/{keyHash} {\n      // Simple approach: let IAM handle authorization, just verify authentication\n      // The service account already has minimal permissions via Terraform IAM\n      allow read, write: if request.auth != null \n        \u0026\u0026 request.auth.uid != null;\n    }\n    \n    // Audit logs collection - write-only for service account\n    match /audit_logs/{logId} {\n      allow write: if request.auth != null \n        \u0026\u0026 request.auth.uid != null;\n      \n      // Admin read access\n      allow read: if request.auth != null \n        \u0026\u0026 request.auth.uid != null;\n    }\n    \n    // Compliance events collection\n    match /compliance_events/{eventId} {\n      allow write: if request.auth != null \n        \u0026\u0026 request.auth.uid != null;\n      \n      allow read: if request.auth != null \n        \u0026\u0026 request.auth.uid != null;\n    }\n    \n    // Analytics collection - write-only for metrics\n    match /analytics/{analyticsId} {\n      allow write: if request.auth != null \n        \u0026\u0026 request.auth.uid != null;\n      \n      // No read access - analytics should be processed separately\n      allow read: if false;\n    }\n  }\n}",
                    "fingerprint": "",
                    "name": "firestore.rules"
                  }
                ],
                "language": ""
              }
            ],
            "timeouts": null
          },
          "sensitive_attributes": [],
          "identity_schema_version": 0,
          "private": "eyJlMmJmYjczMC1lY2FhLTExZTYtOGY4OC0zNDM2M2JjN2M0YzAiOnsiY3JlYXRlIjoxMjAwMDAwMDAwMDAwLCJkZWxldGUiOjEyMDAwMDAwMDAwMDB9fQ==",
          "dependencies": [
            "google_firestore_database.default",
            "google_project_service.apis"
          ]
        }
      ]
    },
    {
      "mode": "managed",
      "type": "google_firestore_database",
      "name": "default",
      "provider": "provider[\"registry.terraform.io/hashicorp/google\"]",
      "instances": [
        {
          "schema_version": 0,
          "attributes": {
            "app_engine_integration_mode": "DISABLED",
            "cmek_config": [],
            "concurrency_mode": "PESSIMISTIC",
            "create_time": "",
            "delete_protection_state": "DELETE_PROTECTION_ENABLED",
            "deletion_policy": "ABANDON",
            "earliest_version_time": "2025-08-05T03:02:00Z",
            "etag": "IN3QiMna+Y4DMOLwy7fk8o4D",
            "id": "projects/cypheron-api/databases/(default)",
            "key_prefix": "",
            "location_id": "us-central1",
            "name": "(default)",
            "point_in_time_recovery_enablement": "POINT_IN_TIME_RECOVERY_ENABLED",
            "project": "cypheron-api",
            "timeouts": null,
            "type": "FIRESTORE_NATIVE",
            "uid": "76e16f4f-aeaa-4c1a-b011-4bff65abbae0",
            "update_time": "",
            "version_retention_period": "604800s"
          },
          "sensitive_attributes": [],
          "identity_schema_version": 0,
          "private": "eyJlMmJmYjczMC1lY2FhLTExZTYtOGY4OC0zNDM2M2JjN2M0YzAiOnsiY3JlYXRlIjoxMjAwMDAwMDAwMDAwLCJkZWxldGUiOjEyMDAwMDAwMDAwMDAsInVwZGF0ZSI6MTIwMDAwMDAwMDAwMH0sInNjaGVtYV92ZXJzaW9uIjoiMCJ9",
          "dependencies": [
            "google_project_service.apis"
          ]
        }
      ]
    },
    {
      "mode": "managed",
      "type": "google_project_iam_custom_role",
      "name": "firestore_limited",
      "provider": "provider[\"registry.terraform.io/hashicorp/google\"]",
      "instances": [
        {
          "schema_version": 0,
          "attributes": {
            "deleted": false,
            "description": "Minimal permissions for API key operations only",
            "id": "projects/cypheron-api/roles/firestoreLimitedAccess",
            "name": "projects/cypheron-api/roles/firestoreLimitedAccess",
            "permissions": [
              "datastore.entities.create",
              "datastore.entities.get",
              "datastore.entities.list",
              "datastore.entities.update"
            ],
            "project": "cypheron-api",
            "role_id": "firestoreLimitedAccess",
            "stage": "GA",
            "title": "Firestore Limited Access"
          },
          "sensitive_attributes": [],
          "identity_schema_version": 0,
          "private": "eyJzY2hlbWFfdmVyc2lvbiI6IjAifQ==",
          "dependencies": [
            "google_project_service.apis"
          ]
        }
      ]
    },
    {
      "mode": "managed",
      "type": "google_project_iam_member",
      "name": "cloudsql_client",
      "provider": "provider[\"registry.terraform.io/hashicorp/google\"]",
      "instances": [
        {
          "schema_version": 0,
          "attributes": {
            "condition": [],
            "etag": "BwY7zTHfYGk=",
            "id": "cypheron-api/roles/cloudsql.client/serviceAccount:firestore-accessor@cypheron-api.iam.gserviceaccount.com",
            "member": "serviceAccount:firestore-accessor@cypheron-api.iam.gserviceaccount.com",
            "project": "cypheron-api",
            "role": "roles/cloudsql.client"
          },
          "sensitive_attributes": [],
          "identity_schema_version": 0,
          "private": "bnVsbA==",
          "dependencies": [
            "google_project_service.apis",
            "google_service_account.firestore_accessor"
          ]
        }
      ]
    },
    {
      "mode": "managed",
      "type": "google_project_iam_member",
      "name": "firestore_limited",
      "provider": "provider[\"registry.terraform.io/hashicorp/google\"]",
      "instances": [
        {
          "schema_version": 0,
          "attributes": {
            "condition": [],
            "etag": "BwY7zTHfYGk=",
            "id": "cypheron-api/projects/cypheron-api/roles/firestoreLimitedAccess/serviceAccount:firestore-accessor@cypheron-api.iam.gserviceaccount.com",
            "member": "serviceAccount:firestore-accessor@cypheron-api.iam.gserviceaccount.com",
            "project": "cypheron-api",
            "role": "projects/cypheron-api/roles/firestoreLimitedAccess"
          },
          "sensitive_attributes": [],
          "identity_schema_version": 0,
          "private": "bnVsbA==",
          "dependencies": [
            "google_project_iam_custom_role.firestore_limited",
            "google_project_service.apis",
            "google_service_account.firestore_accessor"
          ]
        }
      ]
    },
    {
      "mode": "managed",
      "type": "google_project_service",
      "name": "apis",
      "provider": "provider[\"registry.terraform.io/hashicorp/google\"]",
      "instances": [
        {
          "index_key": "cloudbuild.googleapis.com",
          "schema_version": 0,
          "attributes": {
            "disable_dependent_services": false,
            "disable_on_destroy": true,
            "id": "cypheron-api/cloudbuild.googleapis.com",
            "project": "cypheron-api",
            "service": "cloudbuild.googleapis.com",
            "timeouts": null
          },
          "sensitive_attributes": [],
          "identity_schema_version": 0,
          "private": "eyJlMmJmYjczMC1lY2FhLTExZTYtOGY4OC0zNDM2M2JjN2M0YzAiOnsiY3JlYXRlIjoxMjAwMDAwMDAwMDAwLCJkZWxldGUiOjEyMDAwMDAwMDAwMDAsInJlYWQiOjYwMDAwMDAwMDAwMCwidXBkYXRlIjoxMjAwMDAwMDAwMDAwfX0="
        },
        {
          "index_key": "cloudresourcemanager.googleapis.com",
          "schema_version": 0,
          "attributes": {
            "disable_dependent_services": false,
            "disable_on_destroy": true,
            "id": "cypheron-api/cloudresourcemanager.googleapis.com",
            "project": "cypheron-api",
            "service": "cloudresourcemanager.googleapis.com",
            "timeouts": null
          },
          "sensitive_attributes": [],
          "identity_schema_version": 0,
          "private": "eyJlMmJmYjczMC1lY2FhLTExZTYtOGY4OC0zNDM2M2JjN2M0YzAiOnsiY3JlYXRlIjoxMjAwMDAwMDAwMDAwLCJkZWxldGUiOjEyMDAwMDAwMDAwMDAsInJlYWQiOjYwMDAwMDAwMDAwMCwidXBkYXRlIjoxMjAwMDAwMDAwMDAwfX0="
        },
        {
          "index_key": "compute.googleapis.com",
          "schema_version": 0,
          "attributes": {
            "disable_dependent_services": false,
            "disable_on_destroy": true,
            "id": "cypheron-api/compute.googleapis.com",
            "project": "cypheron-api",
            "service": "compute.googleapis.com",
            "timeouts": null
          },
          "sensitive_attributes": [],
          "identity_schema_version": 0,
          "private": "eyJlMmJmYjczMC1lY2FhLTExZTYtOGY4OC0zNDM2M2JjN2M0YzAiOnsiY3JlYXRlIjoxMjAwMDAwMDAwMDAwLCJkZWxldGUiOjEyMDAwMDAwMDAwMDAsInJlYWQiOjYwMDAwMDAwMDAwMCwidXBkYXRlIjoxMjAwMDAwMDAwMDAwfX0="
        },
        {
          "index_key": "containerregistry.googleapis.com",
          "schema_version": 0,
          "attributes": {
            "disable_dependent_services": false,
            "disable_on_destroy": true,
            "id": "cypheron-api/containerregistry.googleapis.com",
            "project": "cypheron-api",
            "service": "containerregistry.googleapis.com",
            "timeouts": null
          },
          "sensitive_attributes": [],
          "identity_schema_version": 0,
          "private": "eyJlMmJmYjczMC1lY2FhLTExZTYtOGY4OC0zNDM2M2JjN2M0YzAiOnsiY3JlYXRlIjoxMjAwMDAwMDAwMDAwLCJkZWxldGUiOjEyMDAwMDAwMDAwMDAsInJlYWQiOjYwMDAwMDAwMDAwMCwidXBkYXRlIjoxMjAwMDAwMDAwMDAwfX0="
        },
        {
          "index_key": "firestore.googleapis.com",
          "schema_version": 0,
          "attributes": {
            "disable_dependent_services": false,
            "disable_on_destroy": true,
            "id": "cypheron-api/firestore.googleapis.com",
            "project": "cypheron-api",
            "service": "firestore.googleapis.com",
            "timeouts": null
          },
          "sensitive_attributes": [],
          "identity_schema_version": 0,
          "private": "eyJlMmJmYjczMC1lY2FhLTExZTYtOGY4OC0zNDM2M2JjN2M0YzAiOnsiY3JlYXRlIjoxMjAwMDAwMDAwMDAwLCJkZWxldGUiOjEyMDAwMDAwMDAwMDAsInJlYWQiOjYwMDAwMDAwMDAwMCwidXBkYXRlIjoxMjAwMDAwMDAwMDAwfX0="
        },
        {
          "index_key": "iam.googleapis.com",
          "schema_version": 0,
          "attributes": {
            "disable_dependent_services": false,
            "disable_on_destroy": true,
            "id": "cypheron-api/iam.googleapis.com",
            "project": "cypheron-api",
            "service": "iam.googleapis.com",
            "timeouts": null
          },
          "sensitive_attributes": [],
          "identity_schema_version": 0,
          "private": "eyJlMmJmYjczMC1lY2FhLTExZTYtOGY4OC0zNDM2M2JjN2M0YzAiOnsiY3JlYXRlIjoxMjAwMDAwMDAwMDAwLCJkZWxldGUiOjEyMDAwMDAwMDAwMDAsInJlYWQiOjYwMDAwMDAwMDAwMCwidXBkYXRlIjoxMjAwMDAwMDAwMDAwfX0="
        },
        {
          "index_key": "run.googleapis.com",
          "schema_version": 0,
          "attributes": {
            "disable_dependent_services": false,
            "disable_on_destroy": true,
            "id": "cypheron-api/run.googleapis.com",
            "project": "cypheron-api",
            "service": "run.googleapis.com",
            "timeouts": null
          },
          "sensitive_attributes": [],
          "identity_schema_version": 0,
          "private": "eyJlMmJmYjczMC1lY2FhLTExZTYtOGY4OC0zNDM2M2JjN2M0YzAiOnsiY3JlYXRlIjoxMjAwMDAwMDAwMDAwLCJkZWxldGUiOjEyMDAwMDAwMDAwMDAsInJlYWQiOjYwMDAwMDAwMDAwMCwidXBkYXRlIjoxMjAwMDAwMDAwMDAwfX0="
        },
        {
          "index_key": "secretmanager.googleapis.com",
          "schema_version": 0,
          "attributes": {
            "disable_dependent_services": false,
            "disable_on_destroy": true,
            "id": "cypheron-api/secretmanager.googleapis.com",
            "project": "cypheron-api",
            "service": "secretmanager.googleapis.com",
            "timeouts": null
          },
          "sensitive_attributes": [],
          "identity_schema_version": 0,
          "private": "eyJlMmJmYjczMC1lY2FhLTExZTYtOGY4OC0zNDM2M2JjN2M0YzAiOnsiY3JlYXRlIjoxMjAwMDAwMDAwMDAwLCJkZWxldGUiOjEyMDAwMDAwMDAwMDAsInJlYWQiOjYwMDAwMDAwMDAwMCwidXBkYXRlIjoxMjAwMDAwMDAwMDAwfX0="
        },
        {
          "index_key": "servicenetworking.googleapis.com",
          "schema_version": 0,
          "attributes": {
            "disable_dependent_services": false,
            "disable_on_destroy": true,
            "id": "cypheron-api/servicenetworking.googleapis.com",
            "project": "cypheron-api",
            "service": "servicenetworking.googleapis.com",
            "timeouts": null
          },
          "sensitive_attributes": [],
          "identity_schema_version": 0,
          "private": "eyJlMmJmYjczMC1lY2FhLTExZTYtOGY4OC0zNDM2M2JjN2M0YzAiOnsiY3JlYXRlIjoxMjAwMDAwMDAwMDAwLCJkZWxldGUiOjEyMDAwMDAwMDAwMDAsInJlYWQiOjYwMDAwMDAwMDAwMCwidXBkYXRlIjoxMjAwMDAwMDAwMDAwfX0="
        },
        {
          "index_key": "sqladmin.googleapis.com",
          "schema_version": 0,
          "attributes": {
            "disable_dependent_services": false,
            "disable_on_destroy": true,
            "id": "cypheron-api/sqladmin.googleapis.com",
            "project": "cypheron-api",
            "service": "sqladmin.googleapis.com",
            "timeouts": null
          },
          "sensitive_attributes": [],
          "identity_schema_version": 0,
          "private": "eyJlMmJmYjczMC1lY2FhLTExZTYtOGY4OC0zNDM2M2JjN2M0YzAiOnsiY3JlYXRlIjoxMjAwMDAwMDAwMDAwLCJkZWxldGUiOjEyMDAwMDAwMDAwMDAsInJlYWQiOjYwMDAwMDAwMDAwMCwidXBkYXRlIjoxMjAwMDAwMDAwMDAwfX0="
        },
        {
          "index_key": "vpcaccess.googleapis.com",
          "schema_version": 0,
          "attributes": {
            "disable_dependent_services": false,
            "disable_on_destroy": true,
            "id": "cypheron-api/vpcaccess.googleapis.com",
            "project": "cypheron-api",
            "service": "vpcaccess.googleapis.com",
            "timeouts": null
          },
          "sensitive_attributes": [],
          "identity_schema_version": 0,
          "private": "eyJlMmJmYjczMC1lY2FhLTExZTYtOGY4OC0zNDM2M2JjN2M0YzAiOnsiY3JlYXRlIjoxMjAwMDAwMDAwMDAwLCJkZWxldGUiOjEyMDAwMDAwMDAwMDAsInJlYWQiOjYwMDAwMDAwMDAwMCwidXBkYXRlIjoxMjAwMDAwMDAwMDAwfX0="
        }
      ]
    },
    {
      "mode": "managed",
      "type": "google_secret_manager_secret",
      "name": "admin_key",
      "provider": "provider[\"registry.terraform.io/hashicorp/google\"]",
      "instances": [
        {
          "schema_version": 0,
          "attributes": {
            "annotations": {},
            "create_time": "2025-08-07T21:32:29.866677Z",
            "effective_annotations": {},
            "effective_labels": {},
            "expire_time": "",
            "id": "projects/cypheron-api/secrets/pq-master-admin-key",
            "labels": {},
            "name": "projects/1015974374014/secrets/pq-master-admin-key",
            "project": "cypheron-api",
            "replication": [
              {
                "auto": [],
                "user_managed": [
                  {
                    "replicas": [
                      {
                        "customer_managed_encryption": [],
                        "location": "us-central1"
                      }
                    ]
                  }
                ]
              }
            ],
            "rotation": [],
            "secret_id": "pq-master-admin-key",
            "terraform_labels": {},
            "timeouts": null,
            "topics": [],
            "ttl": null,
            "version_aliases": {},
            "version_destroy_ttl": ""
          },
          "sensitive_attributes": [],
          "identity_schema_version": 0,
          "private": "eyJlMmJmYjczMC1lY2FhLTExZTYtOGY4OC0zNDM2M2JjN2M0YzAiOnsiY3JlYXRlIjoxMjAwMDAwMDAwMDAwLCJkZWxldGUiOjEyMDAwMDAwMDAwMDAsInVwZGF0ZSI6MTIwMDAwMDAwMDAwMH19",
          "dependencies": [
            "google_project_service.apis"
          ]
        }
      ]
    },
    {
      "mode": "managed",
      "type": "google_secret_manager_secret",
      "name": "encryption_password",
      "provider": "provider[\"registry.terraform.io/hashicorp/google\"]",
      "instances": [
        {
          "schema_version": 0,
          "attributes": {
            "annotations": {},
            "create_time": "2025-08-07T21:32:29.863620Z",
            "effective_annotations": {},
            "effective_labels": {},
            "expire_time": "",
            "id": "projects/cypheron-api/secrets/pq-encryption-password",
            "labels": {},
            "name": "projects/1015974374014/secrets/pq-encryption-password",
            "project": "cypheron-api",
            "replication": [
              {
                "auto": [],
                "user_managed": [
                  {
                    "replicas": [
                      {
                        "customer_managed_encryption": [],
                        "location": "us-central1"
                      }
                    ]
                  }
                ]
              }
            ],
            "rotation": [],
            "secret_id": "pq-encryption-password",
            "terraform_labels": {},
            "timeouts": null,
            "topics": [],
            "ttl": null,
            "version_aliases": {},
            "version_destroy_ttl": ""
          },
          "sensitive_attributes": [],
          "identity_schema_version": 0,
          "private": "eyJlMmJmYjczMC1lY2FhLTExZTYtOGY4OC0zNDM2M2JjN2M0YzAiOnsiY3JlYXRlIjoxMjAwMDAwMDAwMDAwLCJkZWxldGUiOjEyMDAwMDAwMDAwMDAsInVwZGF0ZSI6MTIwMDAwMDAwMDAwMH19",
          "dependencies": [
            "google_project_service.apis"
          ]
        }
      ]
    },
    {
      "mode": "managed",
      "type": "google_secret_manager_secret",
      "name": "encryption_salt",
      "provider": "provider[\"registry.terraform.io/hashicorp/google\"]",
      "instances": [
        {
          "schema_version": 0,
          "attributes": {
            "annotations": {},
            "create_time": "2025-08-07T21:32:29.827315Z",
            "effective_annotations": {},
            "effective_labels": {},
            "expire_time": "",
            "id": "projects/cypheron-api/secrets/pq-encryption-salt",
            "labels": {},
            "name": "projects/1015974374014/secrets/pq-encryption-salt",
            "project": "cypheron-api",
            "replication": [
              {
                "auto": [],
                "user_managed": [
                  {
                    "replicas": [
                      {
                        "customer_managed_encryption": [],
                        "location": "us-central1"
                      }
                    ]
                  }
                ]
              }
            ],
            "rotation": [],
            "secret_id": "pq-encryption-salt",
            "terraform_labels": {},
            "timeouts": null,
            "topics": [],
            "ttl": null,
            "version_aliases": {},
            "version_destroy_ttl": ""
          },
          "sensitive_attributes": [],
          "identity_schema_version": 0,
          "private": "eyJlMmJmYjczMC1lY2FhLTExZTYtOGY4OC0zNDM2M2JjN2M0YzAiOnsiY3JlYXRlIjoxMjAwMDAwMDAwMDAwLCJkZWxldGUiOjEyMDAwMDAwMDAwMDAsInVwZGF0ZSI6MTIwMDAwMDAwMDAwMH19",
          "dependencies": [
            "google_project_service.apis"
          ]
        }
      ]
    },
    {
      "mode": "managed",
      "type": "google_secret_manager_secret",
      "name": "postgres_password",
      "provider": "provider[\"registry.terraform.io/hashicorp/google\"]",
      "instances": [
        {
          "schema_version": 0,
          "attributes": {
            "annotations": {},
            "create_time": "2025-08-07T21:32:29.873555Z",
            "effective_annotations": {},
            "effective_labels": {},
            "expire_time": "",
            "id": "projects/cypheron-api/secrets/cypheron-postgres-password",
            "labels": {},
            "name": "projects/1015974374014/secrets/cypheron-postgres-password",
            "project": "cypheron-api",
            "replication": [
              {
                "auto": [],
                "user_managed": [
                  {
                    "replicas": [
                      {
                        "customer_managed_encryption": [],
                        "location": "us-central1"
                      }
                    ]
                  }
                ]
              }
            ],
            "rotation": [],
            "secret_id": "cypheron-postgres-password",
            "terraform_labels": {},
            "timeouts": null,
            "topics": [],
            "ttl": null,
            "version_aliases": {},
            "version_destroy_ttl": ""
          },
          "sensitive_attributes": [],
          "identity_schema_version": 0,
          "private": "eyJlMmJmYjczMC1lY2FhLTExZTYtOGY4OC0zNDM2M2JjN2M0YzAiOnsiY3JlYXRlIjoxMjAwMDAwMDAwMDAwLCJkZWxldGUiOjEyMDAwMDAwMDAwMDAsInVwZGF0ZSI6MTIwMDAwMDAwMDAwMH19",
          "dependencies": [
            "google_project_service.apis"
          ]
        }
      ]
    },
    {
      "mode": "managed",
      "type": "google_secret_manager_secret_iam_member",
      "name": "admin_key_accessor",
      "provider": "provider[\"registry.terraform.io/hashicorp/google\"]",
      "instances": [
        {
          "schema_version": 0,
          "attributes": {
            "condition": [],
            "etag": "BwY7zUR6rlc=",
            "id": "projects/cypheron-api/secrets/pq-master-admin-key/roles/secretmanager.secretAccessor/serviceAccount:firestore-accessor@cypheron-api.iam.gserviceaccount.com",
            "member": "serviceAccount:firestore-accessor@cypheron-api.iam.gserviceaccount.com",
            "project": "cypheron-api",
            "role": "roles/secretmanager.secretAccessor",
            "secret_id": "projects/cypheron-api/secrets/pq-master-admin-key"
          },
          "sensitive_attributes": [],
          "identity_schema_version": 0,
          "private": "bnVsbA==",
          "dependencies": [
            "google_project_service.apis",
            "google_secret_manager_secret.admin_key",
            "google_service_account.firestore_accessor"
          ]
        }
      ]
    },
    {
      "mode": "managed",
      "type": "google_secret_manager_secret_iam_member",
      "name": "encryption_password_accessor",
      "provider": "provider[\"registry.terraform.io/hashicorp/google\"]",
      "instances": [
        {
          "schema_version": 0,
          "attributes": {
            "condition": [],
            "etag": "BwY7zUR6xVs=",
            "id": "projects/cypheron-api/secrets/pq-encryption-password/roles/secretmanager.secretAccessor/serviceAccount:firestore-accessor@cypheron-api.iam.gserviceaccount.com",
            "member": "serviceAccount:firestore-accessor@cypheron-api.iam.gserviceaccount.com",
            "project": "cypheron-api",
            "role": "roles/secretmanager.secretAccessor",
            "secret_id": "projects/cypheron-api/secrets/pq-encryption-password"
          },
          "sensitive_attributes": [],
          "identity_schema_version": 0,
          "private": "bnVsbA==",
          "dependencies": [
            "google_project_service.apis",
            "google_secret_manager_secret.encryption_password",
            "google_service_account.firestore_accessor"
          ]
        }
      ]
    },
    {
      "mode": "managed",
      "type": "google_secret_manager_secret_iam_member",
      "name": "encryption_salt_accessor",
      "provider": "provider[\"registry.terraform.io/hashicorp/google\"]",
      "instances": [
        {
          "schema_version": 0,
          "attributes": {
            "condition": [],
            "etag": "BwY7zUR7HwE=",
            "id": "projects/cypheron-api/secrets/pq-encryption-salt/roles/secretmanager.secretAccessor/serviceAccount:firestore-accessor@cypheron-api.iam.gserviceaccount.com",
            "member": "serviceAccount:firestore-accessor@cypheron-api.iam.gserviceaccount.com",
            "project": "cypheron-api",
            "role": "roles/secretmanager.secretAccessor",
            "secret_id": "projects/cypheron-api/secrets/pq-encryption-salt"
          },
          "sensitive_attributes": [],
          "identity_schema_version": 0,
          "private": "bnVsbA==",
          "dependencies": [
            "google_project_service.apis",
            "google_secret_manager_secret.encryption_salt",
            "google_service_account.firestore_accessor"
          ]
        }
      ]
    },
    {
      "mode": "managed",
      "type": "google_secret_manager_secret_iam_member",
      "name": "postgres_password_accessor",
      "provider": "provider[\"registry.terraform.io/hashicorp/google\"]",
      "instances": [
        {
          "schema_version": 0,
          "attributes": {
            "condition": [],
            "etag": "BwY7zUR5H0k=",
            "id": "projects/cypheron-api/secrets/cypheron-postgres-password/roles/secretmanager.secretAccessor/serviceAccount:firestore-accessor@cypheron-api.iam.gserviceaccount.com",
            "member": "serviceAccount:firestore-accessor@cypheron-api.iam.gserviceaccount.com",
            "project": "cypheron-api",
            "role": "roles/secretmanager.secretAccessor",
            "secret_id": "projects/cypheron-api/secrets/cypheron-postgres-password"
          },
          "sensitive_attributes": [],
          "identity_schema_version": 0,
          "private": "bnVsbA==",
          "dependencies": [
            "google_project_service.apis",
            "google_secret_manager_secret.postgres_password",
            "google_service_account.firestore_accessor"
          ]
        }
      ]
    },
    {
      "mode": "managed",
      "type": "google_secret_manager_secret_version",
      "name": "encryption_salt",
      "provider": "provider[\"registry.terraform.io/hashicorp/google\"]",
      "instances": [
        {
          "schema_version": 0,
          "attributes": {
            "create_time": "2025-08-07T21:32:30.408038Z",
            "deletion_policy": "DELETE",
            "destroy_time": "",
            "enabled": true,
            "id": "projects/1015974374014/secrets/pq-encryption-salt/versions/1",
            "is_secret_data_base64": false,
            "name": "projects/1015974374014/secrets/pq-encryption-salt/versions/1",
            "secret": "projects/cypheron-api/secrets/pq-encryption-salt",
            "secret_data": "Q0xEbWR4aHZPcGJITmF4azlHVnZqczdP",
            "timeouts": null,
            "version": "1"
          },
          "sensitive_attributes": [
            [
              {
                "type": "get_attr",
                "value": "secret_data"
              }
            ]
          ],
          "identity_schema_version": 0,
          "private": "eyJlMmJmYjczMC1lY2FhLTExZTYtOGY4OC0zNDM2M2JjN2M0YzAiOnsiY3JlYXRlIjoxMjAwMDAwMDAwMDAwLCJkZWxldGUiOjEyMDAwMDAwMDAwMDAsInVwZGF0ZSI6MTIwMDAwMDAwMDAwMH19",
          "dependencies": [
            "google_project_service.apis",
            "google_secret_manager_secret.encryption_salt",
            "random_password.encryption_salt"
          ]
        }
      ]
    },
    {
      "mode": "managed",
      "type": "google_secret_manager_secret_version",
      "name": "postgres_password",
      "provider": "provider[\"registry.terraform.io/hashicorp/google\"]",
      "instances": [
        {
          "schema_version": 0,
          "attributes": {
            "create_time": "2025-08-07T21:32:30.591897Z",
            "deletion_policy": "DELETE",
            "destroy_time": "",
            "enabled": true,
            "id": "projects/1015974374014/secrets/cypheron-postgres-password/versions/1",
            "is_secret_data_base64": false,
            "name": "projects/1015974374014/secrets/cypheron-postgres-password/versions/1",
            "secret": "projects/cypheron-api/secrets/cypheron-postgres-password",
            "secret_data": "alpR\u003cfb9z)FTpS\u003e0a\u003cO5A=\u003e3:bA6t\u003cJ5",
            "timeouts": null,
            "version": "1"
          },
          "sensitive_attributes": [
            [
              {
                "type": "get_attr",
                "value": "secret_data"
              }
            ]
          ],
          "identity_schema_version": 0,
          "private": "eyJlMmJmYjczMC1lY2FhLTExZTYtOGY4OC0zNDM2M2JjN2M0YzAiOnsiY3JlYXRlIjoxMjAwMDAwMDAwMDAwLCJkZWxldGUiOjEyMDAwMDAwMDAwMDAsInVwZGF0ZSI6MTIwMDAwMDAwMDAwMH19",
          "dependencies": [
            "google_project_service.apis",
            "google_secret_manager_secret.postgres_password",
            "random_password.postgres_password"
          ]
        }
      ]
    },
    {
      "mode": "managed",
      "type": "google_service_account",
      "name": "firestore_accessor",
      "provider": "provider[\"registry.terraform.io/hashicorp/google\"]",
      "instances": [
        {
          "schema_version": 0,
          "attributes": {
            "account_id": "firestore-accessor",
            "create_ignore_already_exists": null,
            "description": "Service account for Cypheron API to access Firestore with minimal permissions",
            "disabled": false,
            "display_name": "Firestore Accessor Service Account",
            "email": "firestore-accessor@cypheron-api.iam.gserviceaccount.com",
            "id": "projects/cypheron-api/serviceAccounts/firestore-accessor@cypheron-api.iam.gserviceaccount.com",
            "member": "serviceAccount:firestore-accessor@cypheron-api.iam.gserviceaccount.com",
            "name": "projects/cypheron-api/serviceAccounts/firestore-accessor@cypheron-api.iam.gserviceaccount.com",
            "project": "cypheron-api",
            "timeouts": null,
            "unique_id": "117758113249138861258"
          },
          "sensitive_attributes": [],
          "identity_schema_version": 0,
          "private": "eyJlMmJmYjczMC1lY2FhLTExZTYtOGY4OC0zNDM2M2JjN2M0YzAiOnsiY3JlYXRlIjozMDAwMDAwMDAwMDB9LCJzY2hlbWFfdmVyc2lvbiI6IjAifQ==",
          "dependencies": [
            "google_project_service.apis"
          ]
        }
      ]
    },
    {
      "mode": "managed",
      "type": "google_service_networking_connection",
      "name": "postgres_private_vpc",
      "provider": "provider[\"registry.terraform.io/hashicorp/google\"]",
      "instances": [
        {
          "schema_version": 0,
          "attributes": {
            "deletion_policy": null,
            "id": "projects%2Fcypheron-api%2Fglobal%2Fnetworks%2Fcypheron-vpc:servicenetworking.googleapis.com",
            "network": "projects/cypheron-api/global/networks/cypheron-vpc",
            "peering": "servicenetworking-googleapis-com",
            "reserved_peering_ranges": [
              "cypheron-postgres-ip"
            ],
            "service": "servicenetworking.googleapis.com",
            "timeouts": null,
            "update_on_creation_fail": null
          },
          "sensitive_attributes": [],
          "identity_schema_version": 0,
          "private": "eyJlMmJmYjczMC1lY2FhLTExZTYtOGY4OC0zNDM2M2JjN2M0YzAiOnsiY3JlYXRlIjo2MDAwMDAwMDAwMDAsImRlbGV0ZSI6NjAwMDAwMDAwMDAwLCJ1cGRhdGUiOjYwMDAwMDAwMDAwMH19",
          "dependencies": [
            "google_compute_global_address.postgres_private_ip",
            "google_compute_network.vpc",
            "google_project_service.apis"
          ]
        }
      ]
    },
    {
      "mode": "managed",
      "type": "google_sql_database_instance",
      "name": "cypheron_postgres",
      "provider": "provider[\"registry.terraform.io/hashicorp/google\"]",
      "instances": [
        {
          "schema_version": 0,
          "attributes": {
            "available_maintenance_versions": [],
            "clone": [],
            "connection_name": "cypheron-api:us-central1:cypheron-postgres-prod",
            "database_version": "POSTGRES_15",
            "deletion_protection": true,
            "dns_name": "",
            "encryption_key_name": null,
            "first_ip_address": "10.60.0.3",
            "id": "cypheron-postgres-prod",
            "instance_type": "CLOUD_SQL_INSTANCE",
            "ip_address": [
              {
                "ip_address": "10.60.0.3",
                "time_to_retire": "",
                "type": "PRIVATE"
              }
            ],
            "maintenance_version": "POSTGRES_15_13.R20250302.00_31",
            "master_instance_name": "",
            "name": "cypheron-postgres-prod",
            "private_ip_address": "10.60.0.3",
            "project": "cypheron-api",
            "psc_service_attachment_link": "",
            "public_ip_address": "",
            "region": "us-central1",
            "replica_configuration": [],
            "restore_backup_context": [],
            "root_password": null,
            "self_link": "https://sqladmin.googleapis.com/sql/v1beta4/projects/cypheron-api/instances/cypheron-postgres-prod",
            "server_ca_cert": [
              {
                "cert": "-----BEGIN CERTIFICATE-----\nMIIDfzCCAmegAwIBAgIBADANBgkqhkiG9w0BAQsFADB3MS0wKwYDVQQuEyQyNTIz\nYTY0My01ZmU0LTRlYzItYWNiOS03NTA5ZWZjYTc4MWUxIzAhBgNVBAMTGkdvb2ds\nZSBDbG91ZCBTUUwgU2VydmVyIENBMRQwEgYDVQQKEwtHb29nbGUsIEluYzELMAkG\nA1UEBhMCVVMwHhcNMjUwODA3MjE0OTAyWhcNMzUwODA1MjE1MDAyWjB3MS0wKwYD\nVQQuEyQyNTIzYTY0My01ZmU0LTRlYzItYWNiOS03NTA5ZWZjYTc4MWUxIzAhBgNV\nBAMTGkdvb2dsZSBDbG91ZCBTUUwgU2VydmVyIENBMRQwEgYDVQQKEwtHb29nbGUs\nIEluYzELMAkGA1UEBhMCVVMwggEiMA0GCSqGSIb3DQEBAQUAA4IBDwAwggEKAoIB\nAQCeKMY0JkhOS5SmuFIomKrqr4V4wLQXD8yD4xYefSG57IlodgFWHQzhARWWD3If\niFrZXPyyjyWTj2ED9y+nkXuzYvLDI55aixgTjqnnbHPqhW61WfvewNYOv0CHSX+N\nlZZeMbVvl49y0q2h2/Uc1/7TW+PsWI36asyjVfpNwb0gqD9M+7jAGkxJmHkXAY45\nzK4Mi5PcAMN2hviC1EZX9Di04oqk819wsgDqz9r/AEu7x1IRobMqMYbpZN6YWmU/\nU8y/7Xq0DbTpbfzofA7fD4hdGqWKNXOcOXs2Bp6i0n4IGk6Ci4LPoZeLQRQYD7S8\nCt1bdpgsP07ZOwHTRyfxKcGzAgMBAAGjFjAUMBIGA1UdEwEB/wQIMAYBAf8CAQAw\nDQYJKoZIhvcNAQELBQADggEBAApInSQCRh40IxBWQCu+vVPZutseRoO/bmnkWvp0\niz81WdVxxOP3B2tKIlSMMN14xaVR7iY2cE7vTfB7IxMywLvvsdOOOe4YUCgfQ1Sa\nZG9/F/WmBfssdXhvhouvdiVeMNaDRWZO6aaCB1U9tDWaV+NI47p1sP62V3JcDyD4\nbNQUzU2Z/LZxRcG4eeuy9Se/yEcdzTDWMN/n3djpxMxn75dXd4pul0bhboY7mNXv\nrfEw5ceqiBDxav0lXtxa/KXdyUMgrnnepjJiklSJJ2RQY8KIfHKnognlOythnBot\nrea7fHfUr1evBBfT9ddljwBWMoDMODOpmg1kVeIZbDFoYeI=\n-----END CERTIFICATE-----",
                "common_name": "C=US,O=Google\\, Inc,CN=Google Cloud SQL Server CA,dnQualifier=2523a643-5fe4-4ec2-acb9-7509efca781e",
                "create_time": "2025-08-07T21:49:02.513Z",
                "expiration_time": "2035-08-05T21:50:02.513Z",
                "sha1_fingerprint": "b642cead7949b605747fa7c153d36c023e2e56b2"
              }
            ],
            "service_account_email_address": "p1015974374014-wtgo3a@gcp-sa-cloud-sql.iam.gserviceaccount.com",
            "settings": [
              {
                "activation_policy": "ALWAYS",
                "active_directory_config": [],
                "advanced_machine_features": [],
                "availability_type": "ZONAL",
                "backup_configuration": [
                  {
                    "backup_retention_settings": [
                      {
                        "retained_backups": 30,
                        "retention_unit": "COUNT"
                      }
                    ],
                    "binary_log_enabled": false,
                    "enabled": true,
                    "location": "us-central1",
                    "point_in_time_recovery_enabled": true,
                    "start_time": "03:00",
                    "transaction_log_retention_days": 7
                  }
                ],
                "collation": "",
                "connector_enforcement": "NOT_REQUIRED",
                "data_cache_config": [],
                "database_flags": [
                  {
                    "name": "log_checkpoints",
                    "value": "on"
                  },
                  {
                    "name": "log_connections",
                    "value": "on"
                  },
                  {
                    "name": "log_disconnections",
                    "value": "on"
                  },
                  {
                    "name": "log_lock_waits",
                    "value": "on"
                  },
                  {
                    "name": "log_statement",
                    "value": "ddl"
                  }
                ],
                "deletion_protection_enabled": false,
                "deny_maintenance_period": [],
                "disk_autoresize": true,
                "disk_autoresize_limit": 100,
                "disk_size": 20,
                "disk_type": "PD_SSD",
                "edition": "ENTERPRISE",
                "enable_dataplex_integration": false,
                "enable_google_ml_integration": false,
                "insights_config": [
                  {
                    "query_insights_enabled": true,
                    "query_plans_per_minute": 0,
                    "query_string_length": 1024,
                    "record_application_tags": true,
                    "record_client_address": true
                  }
                ],
                "ip_configuration": [
                  {
                    "allocated_ip_range": "",
                    "authorized_networks": [],
                    "enable_private_path_for_google_cloud_services": true,
                    "ipv4_enabled": false,
                    "private_network": "projects/cypheron-api/global/networks/cypheron-vpc",
                    "psc_config": [],
                    "require_ssl": false,
                    "server_ca_mode": "GOOGLE_MANAGED_INTERNAL_CA",
                    "ssl_mode": "ENCRYPTED_ONLY"
                  }
                ],
                "location_preference": [
                  {
                    "follow_gae_application": "",
                    "secondary_zone": "",
                    "zone": "us-central1-c"
                  }
                ],
                "maintenance_window": [
                  {
                    "day": 7,
                    "hour": 3,
                    "update_track": "stable"
                  }
                ],
                "password_validation_policy": [],
                "pricing_plan": "PER_USE",
                "sql_server_audit_config": [],
                "tier": "db-f1-micro",
                "time_zone": "",
                "user_labels": {
                  "environment": "prod",
                  "managed_by": "terraform",
                  "service": "cypheron-api"
                },
                "version": 0
              }
            ],
            "timeouts": null
          },
          "sensitive_attributes": [
            [
              {
                "type": "get_attr",
                "value": "root_password"
              }
            ],
            [
              {
                "type": "get_attr",
                "value": "server_ca_cert"
              }
            ]
          ],
          "identity_schema_version": 0,
          "private": "eyJlMmJmYjczMC1lY2FhLTExZTYtOGY4OC0zNDM2M2JjN2M0YzAiOnsiY3JlYXRlIjo1NDAwMDAwMDAwMDAwLCJkZWxldGUiOjU0MDAwMDAwMDAwMDAsInVwZGF0ZSI6NTQwMDAwMDAwMDAwMH19",
          "dependencies": [
            "google_compute_global_address.postgres_private_ip",
            "google_compute_network.vpc",
            "google_project_service.apis",
            "google_service_networking_connection.postgres_private_vpc"
          ]
        }
      ]
    },
    {
      "mode": "managed",
      "type": "google_vpc_access_connector",
      "name": "connector",
      "provider": "provider[\"registry.terraform.io/hashicorp/google\"]",
      "instances": [
        {
          "schema_version": 0,
          "attributes": {
            "connected_projects": [
              "cypheron-api"
            ],
            "id": "projects/cypheron-api/locations/us-central1/connectors/cypheron-connector",
            "ip_cidr_range": "10.8.0.0/28",
            "machine_type": "e2-micro",
            "max_instances": 3,
            "max_throughput": 300,
            "min_instances": 2,
            "min_throughput": 200,
            "name": "cypheron-connector",
            "network": "cypheron-vpc",
            "project": "cypheron-api",
            "region": "us-central1",
            "self_link": "projects/cypheron-api/locations/us-central1/connectors/cypheron-connector",
            "state": "READY",
            "subnet": [],
            "timeouts": null
          },
          "sensitive_attributes": [],
          "identity_schema_version": 0,
          "private": "eyJlMmJmYjczMC1lY2FhLTExZTYtOGY4OC0zNDM2M2JjN2M0YzAiOnsiY3JlYXRlIjoxMjAwMDAwMDAwMDAwLCJkZWxldGUiOjEyMDAwMDAwMDAwMDB9LCJzY2hlbWFfdmVyc2lvbiI6IjAifQ==",
          "dependencies": [
            "google_compute_network.vpc",
            "google_project_service.apis"
          ]
        }
      ]
    },
    {
      "mode": "managed",
      "type": "random_password",
      "name": "encryption_salt",
      "provider": "provider[\"registry.terraform.io/hashicorp/random\"]",
      "instances": [
        {
          "schema_version": 3,
          "attributes": {
            "bcrypt_hash": "$2a$10$U37oJChCV36CxcP3TQID5u2RAcwtz54a03odBhqVIsU3tOBHKTETW",
            "id": "none",
            "keepers": null,
            "length": 24,
            "lower": true,
            "min_lower": 0,
            "min_numeric": 0,
            "min_special": 0,
            "min_upper": 0,
            "number": true,
            "numeric": true,
            "override_special": null,
            "result": "CLDmdxhvOpbHNaxk9GVvjs7O",
            "special": false,
            "upper": true
          },
          "sensitive_attributes": [
            [
              {
                "type": "get_attr",
                "value": "bcrypt_hash"
              }
            ],
            [
              {
                "type": "get_attr",
                "value": "result"
              }
            ]
          ],
          "identity_schema_version": 0
        }
      ]
    },
    {
      "mode": "managed",
      "type": "random_password",
      "name": "postgres_password",
      "provider": "provider[\"registry.terraform.io/hashicorp/random\"]",
      "instances": [
        {
          "schema_version": 3,
          "attributes": {
            "bcrypt_hash": "$2a$10$tK9qPjmrNQ0A2v9vS2e.VOv8JSzqwJMEX5ZT4bKWA./p.U6QuILyO",
            "id": "none",
            "keepers": null,
            "length": 32,
            "lower": true,
            "min_lower": 0,
            "min_numeric": 0,
            "min_special": 0,
            "min_upper": 0,
            "number": true,
            "numeric": true,
            "override_special": null,
            "result": "alpR\u003cfb9z)FTpS\u003e0a\u003cO5A=\u003e3:bA6t\u003cJ5",
            "special": true,
            "upper": true
          },
          "sensitive_attributes": [
            [
              {
                "type": "get_attr",
                "value": "bcrypt_hash"
              }
            ],
            [
              {
                "type": "get_attr",
                "value": "result"
              }
            ]
          ],
          "identity_schema_version": 0
        }
      ]
    }
  ],
  "check_results": [
    {
      "object_kind": "var",
      "config_addr": "var.cpu_limit",
      "status": "pass",
      "objects": [
        {
          "object_addr": "var.cpu_limit",
          "status": "pass"
        }
      ]
    },
    {
      "object_kind": "var",
      "config_addr": "var.environment",
      "status": "pass",
      "objects": [
        {
          "object_addr": "var.environment",
          "status": "pass"
        }
      ]
    },
    {
      "object_kind": "var",
      "config_addr": "var.postgres_database_name",
      "status": "pass",
      "objects": [
        {
          "object_addr": "var.postgres_database_name",
          "status": "pass"
        }
      ]
    },
    {
      "object_kind": "var",
      "config_addr": "var.postgres_version",
      "status": "pass",
      "objects": [
        {
          "object_addr": "var.postgres_version",
          "status": "pass"
        }
      ]
    },
    {
      "object_kind": "var",
      "config_addr": "var.encryption_salt",
      "status": "pass",
      "objects": [
        {
          "object_addr": "var.encryption_salt",
          "status": "pass"
        }
      ]
    },
    {
      "object_kind": "var",
      "config_addr": "var.postgres_tier",
      "status": "pass",
      "objects": [
        {
          "object_addr": "var.postgres_tier",
          "status": "pass"
        }
      ]
    },
    {
      "object_kind": "var",
      "config_addr": "var.encryption_password",
      "status": "pass",
      "objects": [
        {
          "object_addr": "var.encryption_password",
          "status": "pass"
        }
      ]
    },
    {
      "object_kind": "var",
      "config_addr": "var.memory_limit",
      "status": "pass",
      "objects": [
        {
          "object_addr": "var.memory_limit",
          "status": "pass"
        }
      ]
    },
    {
      "object_kind": "var",
      "config_addr": "var.postgres_max_connections",
      "status": "pass",
      "objects": [
        {
          "object_addr": "var.postgres_max_connections",
          "status": "pass"
        }
      ]
    },
    {
      "object_kind": "var",
      "config_addr": "var.postgres_max_disk_size",
      "status": "pass",
      "objects": [
        {
          "object_addr": "var.postgres_max_disk_size",
          "status": "pass"
        }
      ]
    },
    {
      "object_kind": "var",
      "config_addr": "var.postgres_availability_type",
      "status": "pass",
      "objects": [
        {
          "object_addr": "var.postgres_availability_type",
          "status": "pass"
        }
      ]
    },
    {
      "object_kind": "var",
      "config_addr": "var.postgres_disk_size",
      "status": "pass",
      "objects": [
        {
          "object_addr": "var.postgres_disk_size",
          "status": "pass"
        }
      ]
    },
    {
      "object_kind": "var",
      "config_addr": "var.postgres_username",
      "status": "pass",
      "objects": [
        {
          "object_addr": "var.postgres_username",
          "status": "pass"
        }
      ]
    },
    {
      "object_kind": "var",
      "config_addr": "var.master_admin_key",
      "status": "pass",
      "objects": [
        {
          "object_addr": "var.master_admin_key",
          "status": "pass"
        }
      ]
    },
    {
      "object_kind": "var",
      "config_addr": "var.region",
      "status": "pass",
      "objects": [
        {
          "object_addr": "var.region",
          "status": "pass"
        }
      ]
    },
    {
      "object_kind": "var",
      "config_addr": "var.allowed_users",
      "status": "pass",
      "objects": [
        {
          "object_addr": "var.allowed_users",
          "status": "pass"
        }
      ]
    },
    {
      "object_kind": "var",
      "config_addr": "var.max_instances",
      "status": "pass",
      "objects": [
        {
          "object_addr": "var.max_instances",
          "status": "pass"
        }
      ]
    },
    {
      "object_kind": "var",
      "config_addr": "var.project_id",
      "status": "pass",
      "objects": [
        {
          "object_addr": "var.project_id",
          "status": "pass"
        }
      ]
    },
    {
      "object_kind": "var",
      "config_addr": "var.service_name",
      "status": "pass",
      "objects": [
        {
          "object_addr": "var.service_name",
          "status": "pass"
        }
      ]
    },
    {
      "object_kind": "var",
      "config_addr": "var.min_instances",
      "status": "pass",
      "objects": [
        {
          "object_addr": "var.min_instances",
          "status": "pass"
        }
      ]
    }
  ]
}
